
Microsoft Visual Studio Solution File, Format Version 12.00
# Visual Studio 15
VisualStudioVersion = 15.0.28010.2016
MinimumVisualStudioVersion = 10.0.40219.1
Project("{FAE04EC0-301F-11D3-BF4B-00C04F79EFBC}") = "ConsoleApp1", "ConsoleApp1\ConsoleApp1.csproj", "{7D5EC36E-37AE-47BF-A530-91F4071EA9EC}"
EndProject
Global
	GlobalSection(SolutionConfigurationPlatforms) = preSolution
		Debug|Any CPU = Debug|Any CPU
		Release|Any CPU = Release|Any CPU
	EndGlobalSection
	GlobalSection(ProjectConfigurationPlatforms) = postSolution
		{7D5EC36E-37AE-47BF-A530-91F4071EA9EC}.Debug|Any CPU.ActiveCfg = Debug|Any CPU
		{7D5EC36E-37AE-47BF-A530-91F4071EA9EC}.Debug|Any CPU.Build.0 = Debug|Any CPU
		{7D5EC36E-37AE-47BF-A530-91F4071EA9EC}.Release|Any CPU.ActiveCfg = Release|Any CPU
		{7D5EC36E-37AE-47BF-A530-91F4071EA9EC}.Release|Any CPU.Build.0 = Release|Any CPU
	EndGlobalSection
	GlobalSection(SolutionProperties) = preSolution
		HideSolutionNode = FALSE
	EndGlobalSection
	GlobalSection(ExtensibilityGlobals) = postSolution
		SolutionGuid = {B46F1123-4C87-41FB-B772-4BB51B40376F}
	EndGlobalSection
EndGlobal
